
Microsoft Visual Studio Solution File, Format Version 12.00
# Visual Studio Version 17
VisualStudioVersion = 17.8.34525.116
MinimumVisualStudioVersion = 10.0.40219.1
Project("{8BC9CEB8-8B4A-11D0-8D11-00A0C91BC942}") = "WindowsProject3", "WindowsProject3\WindowsProject3.vcxproj", "{41377056-576C-4904-9AF7-5B4B1B01ADE1}"
EndProject
Global
	GlobalSection(SolutionConfigurationPlatforms) = preSolution
		Debug|x64 = Debug|x64
		Debug|x86 = Debug|x86
		Release|x64 = Release|x64
		Release|x86 = Release|x86
	EndGlobalSection
	GlobalSection(ProjectConfigurationPlatforms) = postSolution
		{41377056-576C-4904-9AF7-5B4B1B01ADE1}.Debug|x64.ActiveCfg = Debug|x64
		{41377056-576C-4904-9AF7-5B4B1B01ADE1}.Debug|x64.Build.0 = Debug|x64
		{41377056-576C-4904-9AF7-5B4B1B01ADE1}.Debug|x86.ActiveCfg = Debug|Win32
		{41377056-576C-4904-9AF7-5B4B1B01ADE1}.Debug|x86.Build.0 = Debug|Win32
		{41377056-576C-4904-9AF7-5B4B1B01ADE1}.Release|x64.ActiveCfg = Release|x64
		{41377056-576C-4904-9AF7-5B4B1B01ADE1}.Release|x64.Build.0 = Release|x64
		{41377056-576C-4904-9AF7-5B4B1B01ADE1}.Release|x86.ActiveCfg = Release|Win32
		{41377056-576C-4904-9AF7-5B4B1B01ADE1}.Release|x86.Build.0 = Release|Win32
	EndGlobalSection
	GlobalSection(SolutionProperties) = preSolution
		HideSolutionNode = FALSE
	EndGlobalSection
	GlobalSection(ExtensibilityGlobals) = postSolution
		SolutionGuid = {1443B6EF-0D62-4EFD-98FC-8D52C12858B3}
	EndGlobalSection
EndGlobal
